
Microsoft Visual Studio Solution File, Format Version 12.00
# Visual Studio Version 17
VisualStudioVersion = 17.10.35122.118
MinimumVisualStudioVersion = 10.0.40219.1
Project("{FAE04EC0-301F-11D3-BF4B-00C04F79EFBC}") = "DAL", "DAL\DAL.csproj", "{BC1D6390-5DDC-4C10-86B6-555E81EAC766}"
EndProject
Global
	GlobalSection(SolutionConfigurationPlatforms) = preSolution
		Debug|Any CPU = Debug|Any CPU
		Release|Any CPU = Release|Any CPU
	EndGlobalSection
	GlobalSection(ProjectConfigurationPlatforms) = postSolution
		{BC1D6390-5DDC-4C10-86B6-555E81EAC766}.Debug|Any CPU.ActiveCfg = Debug|Any CPU
		{BC1D6390-5DDC-4C10-86B6-555E81EAC766}.Debug|Any CPU.Build.0 = Debug|Any CPU
		{BC1D6390-5DDC-4C10-86B6-555E81EAC766}.Release|Any CPU.ActiveCfg = Release|Any CPU
		{BC1D6390-5DDC-4C10-86B6-555E81EAC766}.Release|Any CPU.Build.0 = Release|Any CPU
	EndGlobalSection
	GlobalSection(SolutionProperties) = preSolution
		HideSolutionNode = FALSE
	EndGlobalSection
	GlobalSection(ExtensibilityGlobals) = postSolution
		SolutionGuid = {8BB82D66-E4BC-472C-BC95-5E52B695CA5A}
	EndGlobalSection
EndGlobal
